# This file is autogenerated, do not edit; changes may be undone by the next 'dep ensure'.


[[projects]]
  branch = "master"
  name = "github.com/Azure/go-ansiterm"
  packages = [
    ".",
    "winterm"
  ]
  revision = "d6e3b3328b783f23731bc4d058875b0371ff8109"

[[projects]]
  name = "github.com/Azure/go-autorest"
  packages = [
    "autorest/adal",
    "autorest/date"
  ]
  revision = "eaa7994b2278094c904d31993d26f56324db3052"
  version = "v10.8.1"

[[projects]]
  name = "github.com/BurntSushi/toml"
  packages = ["."]
  revision = "b26d9c308763d68093482582cea63d69be07a0f0"
  version = "v0.3.0"

[[projects]]
  name = "github.com/Microsoft/go-winio"
  packages = ["."]
  revision = "7da180ee92d8bd8bb8c37fc560e673e6557c392f"
  version = "v0.4.7"

[[projects]]
  name = "github.com/Sirupsen/logrus"
  packages = ["."]
  revision = "c155da19408a8799da419ed3eeb0cb5db0ad5dbc"
  version = "v1.0.5"

[[projects]]
  name = "github.com/asaskevich/govalidator"
  packages = ["."]
  revision = "ccb8e960c48f04d6935e72476ae4a51028f9e22f"
  version = "v9"

[[projects]]
  name = "github.com/aws/aws-sdk-go"
  packages = [
    "aws",
    "aws/awserr",
    "aws/awsutil",
    "aws/client",
    "aws/client/metadata",
    "aws/corehandlers",
    "aws/credentials",
    "aws/credentials/ec2rolecreds",
    "aws/credentials/endpointcreds",
    "aws/credentials/stscreds",
    "aws/defaults",
    "aws/ec2metadata",
    "aws/endpoints",
    "aws/request",
    "aws/session",
    "aws/signer/v4",
    "internal/sdkio",
    "internal/sdkrand",
    "internal/shareddefaults",
    "private/protocol",
    "private/protocol/ec2query",
    "private/protocol/json/jsonutil",
    "private/protocol/jsonrpc",
    "private/protocol/query",
    "private/protocol/query/queryutil",
    "private/protocol/rest",
    "private/protocol/xml/xmlutil",
    "service/cloudwatchlogs",
    "service/cloudwatchlogs/cloudwatchlogsiface",
    "service/ec2",
    "service/ecs",
    "service/ecs/ecsiface",
    "service/iam",
    "service/sts"
  ]
  revision = "2e04cd1d1af06ff041e6036745e8b100e2e5f426"
  version = "v1.13.46"

[[projects]]
  name = "github.com/cenkalti/backoff"
  packages = ["."]
  revision = "2ea60e5f094469f9e65adb9cd103795b73ae743e"
  version = "v2.0.0"

[[projects]]
  branch = "master"
  name = "github.com/cloudfoundry-incubator/candiedyaml"
  packages = ["."]
  revision = "a41693b7b7afb422c7ecb1028458ab27da047bbb"

[[projects]]
  name = "github.com/davecgh/go-spew"
  packages = ["spew"]
  revision = "346938d642f2ec3594ed81d874461961cd0faa76"
  version = "v1.1.0"

[[projects]]
  name = "github.com/dgrijalva/jwt-go"
  packages = ["."]
  revision = "06ea1031745cb8b3dab3f6a236daf2b0aa468b7e"
  version = "v3.2.0"

[[projects]]
  branch = "master"
  name = "github.com/dimchansky/utfbom"
  packages = ["."]
  revision = "6c6132ff69f0f6c088739067407b5d32c52e1d0f"

[[projects]]
  name = "github.com/docker/distribution"
  packages = [
    ".",
    "context",
    "digest",
    "reference",
    "registry/api/errcode",
    "registry/api/v2",
    "registry/client",
    "registry/client/auth/challenge",
    "registry/client/transport",
    "registry/storage/cache",
    "registry/storage/cache/memory",
    "uuid"
  ]
  revision = "48294d928ced5dd9b378f7fd7c6f5da3ff3f2c89"
  version = "v2.6.2"

[[projects]]
  name = "github.com/docker/docker"
  packages = [
    "api/errors",
    "api/types",
    "api/types/backend",
    "api/types/blkiodev",
    "api/types/container",
    "api/types/filters",
    "api/types/mount",
    "api/types/network",
    "api/types/registry",
    "api/types/strslice",
    "api/types/swarm",
    "api/types/versions",
    "daemon/graphdriver",
    "image",
    "image/v1",
    "layer",
    "oci",
    "pkg/archive",
    "pkg/chrootarchive",
    "pkg/fileutils",
    "pkg/idtools",
    "pkg/ioutils",
    "pkg/jsonlog",
    "pkg/jsonmessage",
    "pkg/longpath",
    "pkg/mount",
    "pkg/plugingetter",
    "pkg/plugins",
    "pkg/plugins/transport",
    "pkg/pools",
    "pkg/progress",
    "pkg/promise",
    "pkg/pubsub",
    "pkg/random",
    "pkg/reexec",
    "pkg/streamformatter",
    "pkg/stringid",
    "pkg/system",
    "pkg/term",
    "pkg/term/windows",
    "pkg/truncindex",
    "plugin/v2",
    "reference"
  ]
  revision = "49bf474f9ed7ce7143a59d1964ff7b7fd9b52178"

[[projects]]
  name = "github.com/docker/engine-api"
  packages = ["types/strslice"]
  revision = "3d1601b9d2436a70b0dfc045a23f6503d19195df"
  version = "v0.4.0"

[[projects]]
  name = "github.com/docker/go-connections"
  packages = [
    "nat",
    "sockets",
    "tlsconfig"
  ]
  revision = "3ede32e2033de7505e6500d6c868c2b9ed9f169d"
  version = "v0.3.0"

[[projects]]
  name = "github.com/docker/go-units"
  packages = ["."]
  revision = "47565b4f722fb6ceae66b95f853feed578a4a51c"
  version = "v0.3.3"

[[projects]]
  name = "github.com/docker/libcompose"
  packages = [
    "utils",
    "yaml"
  ]
  revision = "7c59e343cd9d1f3f5577b5bfb71f6486beb4c006"
  version = "v0.4.0"

[[projects]]
  name = "github.com/docker/libnetwork"
  packages = [
    "iptables",
    "portallocator"
  ]
  revision = "1ee720e18fe98dceda6039bdd005ffbcb359d343"
  version = "v0.5.6"

[[projects]]
  branch = "master"
  name = "github.com/flynn/go-shlex"
  packages = ["."]
  revision = "3f9db97f856818214da2e1057f8ad84803971cff"

[[projects]]
  name = "github.com/fsnotify/fsnotify"
  packages = ["."]
  revision = "c2828203cd70a50dcccfb2761f8b1f8ceef9a8e9"
  version = "v1.4.7"

[[projects]]
  name = "github.com/ghodss/yaml"
  packages = ["."]
  revision = "0ca9ea5df5451ffdf184b4428c902747c2c11cd7"
  version = "v1.0.0"

[[projects]]
  name = "github.com/go-ini/ini"
  packages = ["."]
  revision = "6529cf7c58879c08d927016dde4477f18a0634cb"
  version = "v1.36.0"

[[projects]]
  name = "github.com/go-openapi/analysis"
  packages = ["."]
  revision = "d5a75b7d751ca3f11ad5d93cfe97405f2c3f6a47"

[[projects]]
  name = "github.com/go-openapi/errors"
  packages = ["."]
  revision = "fc3f73a224499b047eda7191e5d22e1e9631e86f"

[[projects]]
  branch = "master"
  name = "github.com/go-openapi/jsonpointer"
  packages = ["."]
  revision = "779f45308c19820f1a69e9a4cd965f496e0da10f"

[[projects]]
  branch = "master"
  name = "github.com/go-openapi/jsonreference"
  packages = ["."]
  revision = "36d33bfe519efae5632669801b180bf1a245da3b"

[[projects]]
  name = "github.com/go-openapi/loads"
  packages = [
    ".",
    "fmts"
  ]
  revision = "6bb6486231e079ea125c0f39994ed3d0c53399ed"

[[projects]]
  name = "github.com/go-openapi/runtime"
  packages = [
    ".",
    "client"
  ]
  revision = "3b13ebb46790d871d74a6c2450fa4b1280f90854"

[[projects]]
  branch = "master"
  name = "github.com/go-openapi/spec"
  packages = ["."]
  revision = "bfb48d37839bcacb52be3f539ffac5abcda7e195"

[[projects]]
  name = "github.com/go-openapi/strfmt"
  packages = ["."]
  revision = "0cb3db44c13bad3b3f567b762a66751972a310cc"

[[projects]]
  branch = "master"
  name = "github.com/go-openapi/swag"
  packages = ["."]
  revision = "cf0bdb963811675a4d7e74901cefc7411a1df939"

[[projects]]
  name = "github.com/go-openapi/validate"
  packages = ["."]
  revision = "035dcd74f1f61e83debe1c22950dc53556e7e4b2"

[[projects]]
  name = "github.com/godbus/dbus"
  packages = ["."]
  revision = "a389bdde4dd695d414e47b755e95e72b7826432c"
  version = "v4.1.0"

[[projects]]
  name = "github.com/gogo/protobuf"
  packages = [
    "gogoproto",
    "proto",
    "protoc-gen-gogo/descriptor",
    "sortkeys"
  ]
  revision = "1adfc126b41513cc696b209667c8656ea7aac67c"
  version = "v1.0.0"

[[projects]]
  branch = "master"
  name = "github.com/golang/glog"
  packages = ["."]
  revision = "23def4e6c14b4da8ac2ed8007337bc5eb5007998"

[[projects]]
  name = "github.com/golang/protobuf"
  packages = [
    "proto",
    "ptypes",
    "ptypes/any",
    "ptypes/duration",
    "ptypes/timestamp"
  ]
  revision = "b4deda0973fb4c70b50d226b1af49f3da59f5265"
  version = "v1.1.0"

[[projects]]
  branch = "master"
  name = "github.com/google/gofuzz"
  packages = ["."]
  revision = "24818f796faf91cd76ec7bddd72458fbced7a6c1"

[[projects]]
  name = "github.com/google/uuid"
  packages = ["."]
  revision = "064e2069ce9c359c118179501254f67d7d37ba24"
  version = "0.2"

[[projects]]
  name = "github.com/googleapis/gnostic"
  packages = [
    "OpenAPIv2",
    "compiler",
    "extensions"
  ]
  revision = "ee43cbb60db7bd22502942cccbc39059117352ab"
  version = "v0.1.0"

[[projects]]
  name = "github.com/gorilla/context"
  packages = ["."]
  revision = "1ea25387ff6f684839d82767c1733ff4d4d15d0a"
  version = "v1.1"

[[projects]]
  name = "github.com/gorilla/mux"
  packages = ["."]
  revision = "53c1911da2b537f792e7cafcb446b05ffe33b996"
  version = "v1.6.1"

[[projects]]
  branch = "master"
  name = "github.com/hashicorp/hcl"
  packages = [
    ".",
    "hcl/ast",
    "hcl/parser",
    "hcl/printer",
    "hcl/scanner",
    "hcl/strconv",
    "hcl/token",
    "json/parser",
    "json/scanner",
    "json/token"
  ]
  revision = "ef8a98b0bbce4a65b5aa4c368430a80ddc533168"

[[projects]]
  branch = "master"
  name = "github.com/howeyc/gopass"
  packages = ["."]
  revision = "bf9dde6d0d2c004a008c27aaee91170c786f6db8"

[[projects]]
  name = "github.com/hyperhq/hyper-api"
  packages = [
    "client",
    "client/transport",
    "client/transport/cancellable",
    "signature",
    "types",
    "types/blkiodev",
    "types/container",
    "types/filters",
    "types/network",
    "types/reference",
    "types/registry",
    "types/strslice",
    "types/time",
    "types/versions"
  ]
  revision = "18c77d3f9fe0abebb41b45c12f383ecac46f4ff1"

[[projects]]
  name = "github.com/hyperhq/hypercli"
  packages = [
    "cliconfig",
    "daemon/graphdriver",
    "image",
    "image/v1",
    "layer",
    "opts",
    "pkg/archive",
    "pkg/chrootarchive",
    "pkg/fileutils",
    "pkg/homedir",
    "pkg/httputils",
    "pkg/idtools",
    "pkg/ioutils",
    "pkg/jsonlog",
    "pkg/jsonmessage",
    "pkg/longpath",
    "pkg/mflag",
    "pkg/plugins",
    "pkg/pools",
    "pkg/promise",
    "pkg/random",
    "pkg/reexec",
    "pkg/stringid",
    "pkg/system",
    "pkg/tarsum",
    "pkg/term",
    "pkg/term/windows",
    "pkg/version",
    "reference",
    "registry"
  ]
  revision = "29217d318cab52815518a1126d57ca010de83e4d"

[[projects]]
  name = "github.com/hyperhq/libcompose"
  packages = ["config"]
  revision = "47186a61e8fafdbe1cd3955cc041f8eec97e4b6f"
  version = "v0.2.0"

[[projects]]
  name = "github.com/imdario/mergo"
  packages = ["."]
  revision = "9d5f1277e9a8ed20c3684bda8fde67c05628518c"
  version = "v0.3.4"

[[projects]]
  name = "github.com/inconshreveable/mousetrap"
  packages = ["."]
  revision = "76626ae9c91c4f2a10f34cad8ce83ea42c93bb75"
  version = "v1.0"

[[projects]]
  name = "github.com/jmespath/go-jmespath"
  packages = ["."]
  revision = "0b12d6b5"

[[projects]]
  name = "github.com/json-iterator/go"
  packages = ["."]
  revision = "ca39e5af3ece67bbcda3d0f4f56a8e24d9f2dad4"
  version = "1.1.3"

[[projects]]
  branch = "master"
  name = "github.com/kr/pretty"
  packages = ["."]
  revision = "cfb55aafdaf3ec08f0db22699ab822c50091b1c4"

[[projects]]
  branch = "master"
  name = "github.com/kr/text"
  packages = ["."]
  revision = "7cafcd837844e784b526369c9bce262804aebc60"

[[projects]]
  name = "github.com/magiconair/properties"
  packages = ["."]
  revision = "c3beff4c2358b44d0493c7dda585e7db7ff28ae6"
  version = "v1.7.6"

[[projects]]
  branch = "master"
  name = "github.com/mitchellh/go-homedir"
  packages = ["."]
  revision = "b8bc1bf767474819792c23f32d8286a45736f1c6"

[[projects]]
  branch = "master"
  name = "github.com/mitchellh/mapstructure"
  packages = ["."]
  revision = "00c29f56e2386353d58c599509e8dc3801b0d716"

[[projects]]
  name = "github.com/modern-go/concurrent"
  packages = ["."]
  revision = "bacd9c7ef1dd9b15be4a9909b8ac7a4e313eec94"
  version = "1.0.3"

[[projects]]
  name = "github.com/modern-go/reflect2"
  packages = ["."]
  revision = "1df9eeb2bb81f327b96228865c5687bc2194af3f"
  version = "1.0.0"

[[projects]]
  name = "github.com/opencontainers/runc"
  packages = [
    "libcontainer/configs",
    "libcontainer/devices",
    "libcontainer/system",
    "libcontainer/user"
  ]
  revision = "baf6536d6259209c3edfa2b22237af82942d3dfa"
  version = "v0.1.1"

[[projects]]
  name = "github.com/opencontainers/runtime-spec"
  packages = ["specs-go"]
  revision = "1c7c27d043c2a5e513a44084d2b10d77d1402b8c"

[[projects]]
  name = "github.com/pelletier/go-toml"
  packages = ["."]
  revision = "acdc4509485b587f5e675510c4f2c63e90ff68a8"
  version = "v1.1.0"

[[projects]]
  name = "github.com/pkg/errors"
  packages = ["."]
  revision = "645ef00459ed84a119197bfb8d8205042c6df63d"
  version = "v0.8.0"

[[projects]]
  name = "github.com/pmezard/go-difflib"
  packages = ["difflib"]
  revision = "792786c7400a136282c1664665ae0a8db921c6c2"
  version = "v1.0.0"

[[projects]]
  name = "github.com/spf13/afero"
  packages = [
    ".",
    "mem"
  ]
  revision = "63644898a8da0bc22138abf860edaf5277b6102e"
  version = "v1.1.0"

[[projects]]
  name = "github.com/spf13/cast"
  packages = ["."]
  revision = "8965335b8c7107321228e3e3702cab9832751bac"
  version = "v1.2.0"

[[projects]]
  name = "github.com/spf13/cobra"
  packages = ["."]
  revision = "a1f051bc3eba734da4772d60e2d677f47cf93ef4"
  version = "v0.0.2"

[[projects]]
  branch = "master"
  name = "github.com/spf13/jwalterweatherman"
  packages = ["."]
  revision = "7c0cea34c8ece3fbeb2b27ab9b59511d360fb394"

[[projects]]
  name = "github.com/spf13/pflag"
  packages = ["."]
  revision = "583c0c0531f06d5278b7d917446061adc344b5cd"
  version = "v1.0.1"

[[projects]]
  name = "github.com/spf13/viper"
  packages = ["."]
  revision = "b5e8006cbee93ec955a89ab31e0e3ce3204f3736"
  version = "v1.0.2"

[[projects]]
  name = "github.com/stretchr/objx"
  packages = ["."]
  revision = "facf9a85c22f48d2f52f2380e4efce1768749a89"
  version = "v0.1"

[[projects]]
  name = "github.com/stretchr/testify"
  packages = [
    "assert",
    "mock",
    "require"
  ]
  revision = "12b6f73e6084dad08a7c6e575284b177ecafbc71"
  version = "v1.2.1"

[[projects]]
  name = "github.com/tchap/go-patricia"
  packages = ["patricia"]
  revision = "666120de432aea38ab06bd5c818f04f4129882c9"
  version = "v2.2.6"

[[projects]]
  name = "github.com/vbatts/tar-split"
  packages = [
    "archive/tar",
    "tar/asm",
    "tar/storage"
  ]
  revision = "38ec4ddb06dedbea0a895c4848b248eb38af221b"
  version = "v0.10.2"

[[projects]]
  name = "github.com/vishvananda/netlink"
  packages = [
    ".",
    "nl"
  ]
  revision = "482f7a52b758233521878cb6c5904b6bd63f3457"

[[projects]]
  branch = "master"
  name = "github.com/vishvananda/netns"
  packages = ["."]
  revision = "be1fbeda19366dea804f00efff2dd73a1642fdcc"

[[projects]]
  name = "github.com/vmware/govmomi"
  packages = [
    ".",
    "find",
    "list",
    "nfc",
    "object",
    "performance",
    "property",
    "session",
    "task",
    "vim25",
    "vim25/debug",
    "vim25/methods",
    "vim25/mo",
    "vim25/progress",
    "vim25/soap",
    "vim25/types",
    "vim25/xml"
  ]
  revision = "123ed177021588bac57b5c87c1a84270ddf2eca8"
  version = "v0.17.1"

[[projects]]
  branch = "feature/wolfpack"
  name = "github.com/vmware/vic"
  packages = [
    "lib/apiservers/engine/backends/cache",
    "lib/apiservers/engine/backends/container",
    "lib/apiservers/engine/backends/convert",
    "lib/apiservers/engine/backends/endpoint",
    "lib/apiservers/engine/backends/filter",
    "lib/apiservers/engine/backends/kv",
    "lib/apiservers/engine/backends/portmap",
    "lib/apiservers/engine/constants",
    "lib/apiservers/engine/errors",
    "lib/apiservers/engine/network",
    "lib/apiservers/engine/proxy",
    "lib/apiservers/portlayer/client",
    "lib/apiservers/portlayer/client/containers",
    "lib/apiservers/portlayer/client/events",
    "lib/apiservers/portlayer/client/interaction",
    "lib/apiservers/portlayer/client/kv",
    "lib/apiservers/portlayer/client/logging",
    "lib/apiservers/portlayer/client/misc",
    "lib/apiservers/portlayer/client/scopes",
    "lib/apiservers/portlayer/client/storage",
    "lib/apiservers/portlayer/client/tasks",
    "lib/apiservers/portlayer/models",
    "lib/archive",
    "lib/config",
    "lib/config/executor",
    "lib/constants",
    "lib/metadata",
    "lib/migration/feature",
    "pkg/certificate",
    "pkg/dio",
    "pkg/errors",
    "pkg/ip",
    "pkg/log",
    "pkg/log/syslog",
    "pkg/retry",
    "pkg/trace",
    "pkg/version",
    "pkg/vsphere/extraconfig",
    "pkg/vsphere/extraconfig/vmomi",
    "pkg/vsphere/performance",
    "pkg/vsphere/session",
    "pkg/vsphere/sys",
    "pkg/vsphere/tasks",
    "pkg/vsphere/vm"
  ]
  revision = "aaff393e268f9ba7a70f55455174e671ce27f3ef"

[[projects]]
  branch = "master"
  name = "github.com/vmware/vmw-guestinfo"
  packages = [
    "bdoor",
    "message",
    "rpcout",
    "rpcvmx",
    "vmcheck"
  ]
  revision = "25eff159a728be87e103a0b8045e08273f4dbec4"

[[projects]]
  branch = "master"
  name = "github.com/xeipuuv/gojsonpointer"
  packages = ["."]
  revision = "4e3ac2762d5f479393488629ee9370b50873b3a6"

[[projects]]
  branch = "master"
  name = "github.com/xeipuuv/gojsonreference"
  packages = ["."]
  revision = "bd5ef7bd5415a7ac448318e64f11a24cd21e594b"

[[projects]]
  branch = "master"
  name = "github.com/xeipuuv/gojsonschema"
  packages = ["."]
  revision = "2c8e4be869c17540b336bab0ea18b8d73e6a28b7"

[[projects]]
  branch = "master"
  name = "golang.org/x/crypto"
  packages = [
    "nacl/secretbox",
    "poly1305",
    "salsa20/salsa",
    "ssh/terminal"
  ]
  revision = "94eea52f7b742c7cbe0b03b22f0c4c8631ece122"

[[projects]]
  branch = "master"
  name = "golang.org/x/net"
  packages = [
    "context",
    "http/httpguts",
    "context/ctxhttp",
    "http2",
    "http2/hpack",
    "idna",
    "internal/socks",
    "internal/timeseries",
    "proxy",
    "trace"
  ]
  revision = "f73e4c9ed3b7ebdd5f699a16a880c2b1994e50dd"

[[projects]]
  branch = "master"
  name = "golang.org/x/sys"
  packages = [
    "unix",
    "windows"
  ]
  revision = "7dfd1290c7917b7ba22824b9d24954ab3002fe24"

[[projects]]
  name = "golang.org/x/text"
  packages = [
    "collate",
    "collate/build",
    "internal/colltab",
    "internal/gen",
    "internal/tag",
    "internal/triegen",
    "internal/ucd",
    "language",
    "secure/bidirule",
    "transform",
    "unicode/bidi",
    "unicode/cldr",
    "unicode/norm",
    "unicode/rangetable"
  ]
  revision = "f21a4dfb5e38f5895301dc265a8def02365cc3d0"
  version = "v0.3.0"

[[projects]]
  branch = "master"
  name = "google.golang.org/genproto"
  packages = ["googleapis/rpc/status"]
  revision = "86e600f69ee4704c6efbf6a2a40a5c10700e76c2"

[[projects]]
  name = "google.golang.org/grpc"
  packages = [
    ".",
    "balancer",
    "balancer/base",
    "balancer/roundrobin",
    "channelz",
    "codes",
    "connectivity",
    "credentials",
    "encoding",
    "encoding/proto",
    "grpclb/grpc_lb_v1/messages",
    "grpclog",
    "internal",
    "keepalive",
    "metadata",
    "naming",
    "peer",
    "resolver",
    "resolver/dns",
    "resolver/passthrough",
    "stats",
    "status",
    "tap",
    "transport"
  ]
  revision = "41344da2231b913fa3d983840a57a6b1b7b631a1"
  version = "v1.12.0"

[[projects]]
  branch = "master"
  name = "golang.org/x/time"
  packages = ["rate"]
  revision = "fbb02b2291d28baffd63558aa44b4b56f178d650"

[[projects]]
  branch = "master"
  name = "golang.org/x/time"
  packages = ["rate"]
  revision = "fbb02b2291d28baffd63558aa44b4b56f178d650"

[[projects]]
  name = "gopkg.in/inf.v0"
  packages = ["."]
  revision = "d2d2541c53f18d2a059457998ce2876cc8e67cbf"
  version = "v0.9.1"

[[projects]]
  name = "gopkg.in/yaml.v2"
  packages = ["."]
  revision = "5420a8b6744d3b0345ab293f6fcba19c978f1183"
  version = "v2.2.1"

[[projects]]
  branch = "master"
  name = "k8s.io/api"
  packages = [
    "admissionregistration/v1alpha1",
    "admissionregistration/v1beta1",
    "apps/v1",
    "apps/v1beta1",
    "apps/v1beta2",
    "authentication/v1",
    "authentication/v1beta1",
    "authorization/v1",
    "authorization/v1beta1",
    "autoscaling/v1",
    "autoscaling/v2beta1",
    "batch/v1",
    "batch/v1beta1",
    "batch/v2alpha1",
    "certificates/v1beta1",
    "core/v1",
    "events/v1beta1",
    "extensions/v1beta1",
    "networking/v1",
    "policy/v1beta1",
    "rbac/v1",
    "rbac/v1alpha1",
    "rbac/v1beta1",
    "scheduling/v1alpha1",
    "settings/v1alpha1",
    "storage/v1",
    "storage/v1alpha1",
    "storage/v1beta1"
  ]
  revision = "53d615ae3f440f957cb9989d989d597f047262d9"

[[projects]]
  branch = "master"
  name = "k8s.io/apimachinery"
  packages = [
    "pkg/api/errors",
    "pkg/api/meta",
    "pkg/api/resource",
    "pkg/apis/meta/v1",
    "pkg/apis/meta/v1beta1",
    "pkg/conversion",
    "pkg/conversion/queryparams",
    "pkg/fields",
    "pkg/labels",
    "pkg/runtime",
    "pkg/runtime/schema",
    "pkg/runtime/serializer",
    "pkg/runtime/serializer/json",
    "pkg/runtime/serializer/protobuf",
    "pkg/runtime/serializer/recognizer",
    "pkg/runtime/serializer/streaming",
    "pkg/runtime/serializer/versioning",
    "pkg/selection",
    "pkg/types",
    "pkg/util/clock",
    "pkg/util/errors",
    "pkg/util/framer",
    "pkg/util/intstr",
    "pkg/util/json",
    "pkg/util/net",
    "pkg/util/runtime",
    "pkg/util/sets",
    "pkg/util/validation",
    "pkg/util/validation/field",
    "pkg/util/wait",
    "pkg/util/yaml",
    "pkg/version",
    "pkg/watch",
    "third_party/forked/golang/reflect"
  ]
  revision = "13b73596e4b63e03203e86f6d9c7bcc1b937c62f"

[[projects]]
  name = "k8s.io/client-go"
  packages = [
    "discovery",
    "discovery/fake",
    "kubernetes",
    "kubernetes/fake",
    "kubernetes/scheme",
    "kubernetes/typed/admissionregistration/v1alpha1",
    "kubernetes/typed/admissionregistration/v1alpha1/fake",
    "kubernetes/typed/admissionregistration/v1beta1",
    "kubernetes/typed/admissionregistration/v1beta1/fake",
    "kubernetes/typed/apps/v1",
    "kubernetes/typed/apps/v1/fake",
    "kubernetes/typed/apps/v1beta1",
    "kubernetes/typed/apps/v1beta1/fake",
    "kubernetes/typed/apps/v1beta2",
    "kubernetes/typed/apps/v1beta2/fake",
    "kubernetes/typed/authentication/v1",
    "kubernetes/typed/authentication/v1/fake",
    "kubernetes/typed/authentication/v1beta1",
    "kubernetes/typed/authentication/v1beta1/fake",
    "kubernetes/typed/authorization/v1",
    "kubernetes/typed/authorization/v1/fake",
    "kubernetes/typed/authorization/v1beta1",
    "kubernetes/typed/authorization/v1beta1/fake",
    "kubernetes/typed/autoscaling/v1",
    "kubernetes/typed/autoscaling/v1/fake",
    "kubernetes/typed/autoscaling/v2beta1",
    "kubernetes/typed/autoscaling/v2beta1/fake",
    "kubernetes/typed/batch/v1",
    "kubernetes/typed/batch/v1/fake",
    "kubernetes/typed/batch/v1beta1",
    "kubernetes/typed/batch/v1beta1/fake",
    "kubernetes/typed/batch/v2alpha1",
    "kubernetes/typed/batch/v2alpha1/fake",
    "kubernetes/typed/certificates/v1beta1",
    "kubernetes/typed/certificates/v1beta1/fake",
    "kubernetes/typed/core/v1",
    "kubernetes/typed/core/v1/fake",
    "kubernetes/typed/events/v1beta1",
    "kubernetes/typed/events/v1beta1/fake",
    "kubernetes/typed/extensions/v1beta1",
    "kubernetes/typed/extensions/v1beta1/fake",
    "kubernetes/typed/networking/v1",
    "kubernetes/typed/networking/v1/fake",
    "kubernetes/typed/policy/v1beta1",
    "kubernetes/typed/policy/v1beta1/fake",
    "kubernetes/typed/rbac/v1",
    "kubernetes/typed/rbac/v1/fake",
    "kubernetes/typed/rbac/v1alpha1",
    "kubernetes/typed/rbac/v1alpha1/fake",
    "kubernetes/typed/rbac/v1beta1",
    "kubernetes/typed/rbac/v1beta1/fake",
    "kubernetes/typed/scheduling/v1alpha1",
    "kubernetes/typed/scheduling/v1alpha1/fake",
    "kubernetes/typed/settings/v1alpha1",
    "kubernetes/typed/settings/v1alpha1/fake",
    "kubernetes/typed/storage/v1",
    "kubernetes/typed/storage/v1/fake",
    "kubernetes/typed/storage/v1alpha1",
    "kubernetes/typed/storage/v1alpha1/fake",
    "kubernetes/typed/storage/v1beta1",
    "kubernetes/typed/storage/v1beta1/fake",
    "pkg/apis/clientauthentication",
    "pkg/apis/clientauthentication/v1alpha1",
    "pkg/version",
    "plugin/pkg/client/auth/exec",
    "rest",
    "rest/watch",
    "testing",
    "tools/auth",
    "tools/clientcmd",
    "tools/clientcmd/api",
    "tools/clientcmd/api/latest",
    "tools/clientcmd/api/v1",
    "tools/metrics",
    "tools/reference",
    "transport",
    "util/cert",
    "util/flowcontrol",
    "util/homedir",
    "util/integer"
  ]
  revision = "23781f4d6632d88e869066eaebb743857aa1ef9b"
  version = "v7.0.0"

[[projects]]
  name = "k8s.io/kubernetes"
  packages = ["pkg/kubelet/apis/cri/runtime/v1alpha2"]
  revision = "81753b10df112992bf51bbc2c2f85208aad78335"
  version = "v1.10.2"

[solve-meta]
  analyzer-name = "dep"
  analyzer-version = 1
  inputs-digest = "78bbfe28d4d9a3dc7f506a80b31c877133e9db027e30e1b006e0d6f6aaf5c73e"
  solver-name = "gps-cdcl"
  solver-version = 1
