{
  "requires": true,
  "lockfileVersion": 1,
  "dependencies": {
    "bulma": {
      "version": "0.7.2",
      "resolved": "https://registry.npmjs.org/bulma/-/bulma-0.7.2.tgz",
      "integrity": "sha512-6JHEu8U/1xsyOst/El5ImLcZIiE2JFXgvrz8GGWbnDLwTNRPJzdAM0aoUM1Ns0avALcVb6KZz9NhzmU53dGDcQ==",
      "dev": true
    },
    "bulma-dashboard": {
      "version": "0.1.34",
      "resolved": "https://registry.npmjs.org/bulma-dashboard/-/bulma-dashboard-0.1.34.tgz",
      "integrity": "sha512-Js2qDAEF1uBN7p1iEaIy3JW0xWGERAOI5ksTPF4SYlPpmTA0lBjXfKdOiQ/yKwCUVX5eorgMhF2fMkufAHFFKg==",
      "dev": true
    },
    "bulma-toc": {
      "version": "0.1.11",
      "resolved": "https://registry.npmjs.org/bulma-toc/-/bulma-toc-0.1.11.tgz",
      "integrity": "sha512-k59pia2hf1NoB/DWEMYj3umVgqSJskpZP7JfShhicwGUqK81XLEJY0Q8mU1d+gry8YD/UwQSa3i+DIrT6Hfffw==",
      "dev": true
    }
  }
}
