# THIS IS AN AUTOGENERATED FILE. DO NOT EDIT THIS FILE DIRECTLY.
# yarn lockfile v1


bulma-dashboard@^0.1.1:
  version "0.1.31"
  resolved "https://registry.yarnpkg.com/bulma-dashboard/-/bulma-dashboard-0.1.31.tgz#3b6f037474a64a8e58a9246347d4b38dbb88feb2"
  integrity sha512-C/VllMhwWITRKhSyYWd0HQYDrLlnI5KSQ32keu0mVZ1LAhfU5G7nipDQ0GgRbumOto5ROwHjOw/Y0BFJ2s3yHA==

bulma@^0.7.2:
  version "0.7.2"
  resolved "https://registry.yarnpkg.com/bulma/-/bulma-0.7.2.tgz#8e944377b74c7926558830d38d8e19eaf49f5fb6"
  integrity sha512-6JHEu8U/1xsyOst/El5ImLcZIiE2JFXgvrz8GGWbnDLwTNRPJzdAM0aoUM1Ns0avALcVb6KZz9NhzmU53dGDcQ==
